// !$*UTF8*$!
{
	archiveVersion = 1;
	classes = {
	};
	objectVersion = 56;
	objects = {

/* Begin PBXBuildFile section */
		6762113728C3EA830017211F /* AuthView.swift in Sources */ = {isa = PBXBuildFile; fileRef = 6762113628C3EA830017211F /* AuthView.swift */; };
		6798F41028C2F66400F6B0C6 /* Vocabulometer_OSSApp.swift in Sources */ = {isa = PBXBuildFile; fileRef = 6798F40F28C2F66400F6B0C6 /* Vocabulometer_OSSApp.swift */; };
		6798F41228C2F66400F6B0C6 /* ContentView.swift in Sources */ = {isa = PBXBuildFile; fileRef = 6798F41128C2F66400F6B0C6 /* ContentView.swift */; };
		6798F41428C2F66500F6B0C6 /* Assets.xcassets in Resources */ = {isa = PBXBuildFile; fileRef = 6798F41328C2F66500F6B0C6 /* Assets.xcassets */; };
		6798F41728C2F66500F6B0C6 /* Preview Assets.xcassets in Resources */ = {isa = PBXBuildFile; fileRef = 6798F41628C2F66500F6B0C6 /* Preview Assets.xcassets */; };
		6798F41F28C2F8C700F6B0C6 /* FirebaseAuth in Frameworks */ = {isa = PBXBuildFile; productRef = 6798F41E28C2F8C700F6B0C6 /* FirebaseAuth */; };
		6798F42128C2F8C700F6B0C6 /* FirebaseFirestore in Frameworks */ = {isa = PBXBuildFile; productRef = 6798F42028C2F8C700F6B0C6 /* FirebaseFirestore */; };
		6798F42328C2F8C700F6B0C6 /* FirebaseStorage in Frameworks */ = {isa = PBXBuildFile; productRef = 6798F42228C2F8C700F6B0C6 /* FirebaseStorage */; };
/* End PBXBuildFile section */

/* Begin PBXFileReference section */
		6762113628C3EA830017211F /* AuthView.swift */ = {isa = PBXFileReference; lastKnownFileType = sourcecode.swift; path = AuthView.swift; sourceTree = "<group>"; };
		6798F40C28C2F66400F6B0C6 /* Vocabulometer-OSS.app */ = {isa = PBXFileReference; explicitFileType = wrapper.application; includeInIndex = 0; path = "Vocabulometer-OSS.app"; sourceTree = BUILT_PRODUCTS_DIR; };
		6798F40F28C2F66400F6B0C6 /* Vocabulometer_OSSApp.swift */ = {isa = PBXFileReference; lastKnownFileType = sourcecode.swift; path = Vocabulometer_OSSApp.swift; sourceTree = "<group>"; };
		6798F41128C2F66400F6B0C6 /* ContentView.swift */ = {isa = PBXFileReference; lastKnownFileType = sourcecode.swift; path = ContentView.swift; sourceTree = "<group>"; };
		6798F41328C2F66500F6B0C6 /* Assets.xcassets */ = {isa = PBXFileReference; lastKnownFileType = folder.assetcatalog; path = Assets.xcassets; sourceTree = "<group>"; };
		6798F41628C2F66500F6B0C6 /* Preview Assets.xcassets */ = {isa = PBXFileReference; lastKnownFileType = folder.assetcatalog; path = "Preview Assets.xcassets"; sourceTree = "<group>"; };
/* End PBXFileReference section */

/* Begin PBXFrameworksBuildPhase section */
		6798F40928C2F66400F6B0C6 /* Frameworks */ = {
			isa = PBXFrameworksBuildPhase;
			buildActionMask = 2147483647;
			files = (
				6798F41F28C2F8C700F6B0C6 /* FirebaseAuth in Frameworks */,
				6798F42128C2F8C700F6B0C6 /* FirebaseFirestore in Frameworks */,
				6798F42328C2F8C700F6B0C6 /* FirebaseStorage in Frameworks */,
			);
			runOnlyForDeploymentPostprocessing = 0;
		};
/* End PBXFrameworksBuildPhase section */

/* Begin PBXGroup section */
		6798F40328C2F66400F6B0C6 = {
			isa = PBXGroup;
			children = (
				6798F40E28C2F66400F6B0C6 /* Vocabulometer-OSS */,
				6798F40D28C2F66400F6B0C6 /* Products */,
			);
			sourceTree = "<group>";
		};
		6798F40D28C2F66400F6B0C6 /* Products */ = {
			isa = PBXGroup;
			children = (
				6798F40C28C2F66400F6B0C6 /* Vocabulometer-OSS.app */,
			);
			name = Products;
			sourceTree = "<group>";
		};
		6798F40E28C2F66400F6B0C6 /* Vocabulometer-OSS */ = {
			isa = PBXGroup;
			children = (
				6798F40F28C2F66400F6B0C6 /* Vocabulometer_OSSApp.swift */,
				6798F41128C2F66400F6B0C6 /* ContentView.swift */,
				6762113628C3EA830017211F /* AuthView.swift */,
				6798F41328C2F66500F6B0C6 /* Assets.xcassets */,
				6798F41528C2F66500F6B0C6 /* Preview Content */,
			);
			path = "Vocabulometer-OSS";
			sourceTree = "<group>";
		};
		6798F41528C2F66500F6B0C6 /* Preview Content */ = {
			isa = PBXGroup;
			children = (
				6798F41628C2F66500F6B0C6 /* Preview Assets.xcassets */,
			);
			path = "Preview Content";
			sourceTree = "<group>";
		};
/* End PBXGroup section */

/* Begin PBXNativeTarget section */
		6798F40B28C2F66400F6B0C6 /* Vocabulometer-OSS */ = {
			isa = PBXNativeTarget;
			buildConfigurationList = 6798F41A28C2F66500F6B0C6 /* Build configuration list for PBXNativeTarget "Vocabulometer-OSS" */;
			buildPhases = (
				6798F40828C2F66400F6B0C6 /* Sources */,
				6798F40928C2F66400F6B0C6 /* Frameworks */,
				6798F40A28C2F66400F6B0C6 /* Resources */,
			);
			buildRules = (
			);
			dependencies = (
			);
			name = "Vocabulometer-OSS";
			packageProductDependencies = (
				6798F41E28C2F8C700F6B0C6 /* FirebaseAuth */,
				6798F42028C2F8C700F6B0C6 /* FirebaseFirestore */,
				6798F42228C2F8C700F6B0C6 /* FirebaseStorage */,
			);
			productName = "Vocabulometer-OSS";
			productReference = 6798F40C28C2F66400F6B0C6 /* Vocabulometer-OSS.app */;
			productType = "com.apple.product-type.application";
		};
/* End PBXNativeTarget section */

/* Begin PBXProject section */
		6798F40428C2F66400F6B0C6 /* Project object */ = {
			isa = PBXProject;
			attributes = {
				BuildIndependentTargetsInParallel = 1;
				LastSwiftUpdateCheck = 1400;
				LastUpgradeCheck = 1400;
				TargetAttributes = {
					6798F40B28C2F66400F6B0C6 = {
						CreatedOnToolsVersion = 14.0;
					};
				};
			};
			buildConfigurationList = 6798F40728C2F66400F6B0C6 /* Build configuration list for PBXProject "Vocabulometer-OSS" */;
			compatibilityVersion = "Xcode 14.0";
			developmentRegion = en;
			hasScannedForEncodings = 0;
			knownRegions = (
				en,
				Base,
			);
			mainGroup = 6798F40328C2F66400F6B0C6;
			packageReferences = (
				6798F41D28C2F8C700F6B0C6 /* XCRemoteSwiftPackageReference "firebase-ios-sdk" */,
			);
			productRefGroup = 6798F40D28C2F66400F6B0C6 /* Products */;
			projectDirPath = "";
			projectRoot = "";
			targets = (
				6798F40B28C2F66400F6B0C6 /* Vocabulometer-OSS */,
			);
		};
/* End PBXProject section */

/* Begin PBXResourcesBuildPhase section */
		6798F40A28C2F66400F6B0C6 /* Resources */ = {
			isa = PBXResourcesBuildPhase;
			buildActionMask = 2147483647;
			files = (
				6798F41728C2F66500F6B0C6 /* Preview Assets.xcassets in Resources */,
				6798F41428C2F66500F6B0C6 /* Assets.xcassets in Resources */,
			);
			runOnlyForDeploymentPostprocessing = 0;
		};
/* End PBXResourcesBuildPhase section */

/* Begin PBXSourcesBuildPhase section */
		6798F40828C2F66400F6B0C6 /* Sources */ = {
			isa = PBXSourcesBuildPhase;
			buildActionMask = 2147483647;
			files = (
				6798F41228C2F66400F6B0C6 /* ContentView.swift in Sources */,
				6798F41028C2F66400F6B0C6 /* Vocabulometer_OSSApp.swift in Sources */,
				6762113728C3EA830017211F /* AuthView.swift in Sources */,
			);
			runOnlyForDeploymentPostprocessing = 0;
		};
/* End PBXSourcesBuildPhase section */

/* Begin XCBuildConfiguration section */
		6798F41828C2F66500F6B0C6 /* Debug */ = {
			isa = XCBuildConfiguration;
			buildSettings = {
				ALWAYS_SEARCH_USER_PATHS = NO;
				CLANG_ANALYZER_NONNULL = YES;
				CLANG_ANALYZER_NUMBER_OBJECT_CONVERSION = YES_AGGRESSIVE;
				CLANG_CXX_LANGUAGE_STANDARD = "gnu++17";
				CLANG_ENABLE_MODULES = YES;
				CLANG_ENABLE_OBJC_ARC = YES;
				CLANG_ENABLE_OBJC_WEAK = YES;
				CLANG_WARN_BLOCK_CAPTURE_AUTORELEASING = YES;
				CLANG_WARN_BOOL_CONVERSION = YES;
				CLANG_WARN_COMMA = YES;
				CLANG_WARN_CONSTANT_CONVERSION = YES;
				CLANG_WARN_DEPRECATED_OBJC_IMPLEMENTATIONS = YES;
				CLANG_WARN_DIRECT_OBJC_ISA_USAGE = YES_ERROR;
				CLANG_WARN_DOCUMENTATION_COMMENTS = YES;
				CLANG_WARN_EMPTY_BODY = YES;
				CLANG_WARN_ENUM_CONVERSION = YES;
				CLANG_WARN_INFINITE_RECURSION = YES;
				CLANG_WARN_INT_CONVERSION = YES;
				CLANG_WARN_NON_LITERAL_NULL_CONVERSION = YES;
				CLANG_WARN_OBJC_IMPLICIT_RETAIN_SELF = YES;
				CLANG_WARN_OBJC_LITERAL_CONVERSION = YES;
				CLANG_WARN_OBJC_ROOT_CLASS = YES_ERROR;
				CLANG_WARN_QUOTED_INCLUDE_IN_FRAMEWORK_HEADER = YES;
				CLANG_WARN_RANGE_LOOP_ANALYSIS = YES;
				CLANG_WARN_STRICT_PROTOTYPES = YES;
				CLANG_WARN_SUSPICIOUS_MOVE = YES;
				CLANG_WARN_UNGUARDED_AVAILABILITY = YES_AGGRESSIVE;
				CLANG_WARN_UNREACHABLE_CODE = YES;
				CLANG_WARN__DUPLICATE_METHOD_MATCH = YES;
				COPY_PHASE_STRIP = NO;
				DEBUG_INFORMATION_FORMAT = dwarf;
				ENABLE_STRICT_OBJC_MSGSEND = YES;
				ENABLE_TESTABILITY = YES;
				GCC_C_LANGUAGE_STANDARD = gnu11;
				GCC_DYNAMIC_NO_PIC = NO;
				GCC_NO_COMMON_BLOCKS = YES;
				GCC_OPTIMIZATION_LEVEL = 0;
				GCC_PREPROCESSOR_DEFINITIONS = (
					"DEBUG=1",
					"$(inherited)",
				);
				GCC_WARN_64_TO_32_BIT_CONVERSION = YES;
				GCC_WARN_ABOUT_RETURN_TYPE = YES_ERROR;
				GCC_WARN_UNDECLARED_SELECTOR = YES;
				GCC_WARN_UNINITIALIZED_AUTOS = YES_AGGRESSIVE;
				GCC_WARN_UNUSED_FUNCTION = YES;
				GCC_WARN_UNUSED_VARIABLE = YES;
				IPHONEOS_DEPLOYMENT_TARGET = 16.0;
				MTL_ENABLE_DEBUG_INFO = INCLUDE_SOURCE;
				MTL_FAST_MATH = YES;
				ONLY_ACTIVE_ARCH = YES;
				SDKROOT = iphoneos;
				SWIFT_ACTIVE_COMPILATION_CONDITIONS = DEBUG;
				SWIFT_OPTIMIZATION_LEVEL = "-Onone";
			};
			name = Debug;
		};
		6798F41928C2F66500F6B0C6 /* Release */ = {
			isa = XCBuildConfiguration;
			buildSettings = {
				ALWAYS_SEARCH_USER_PATHS = NO;
				CLANG_ANALYZER_NONNULL = YES;
				CLANG_ANALYZER_NUMBER_OBJECT_CONVERSION = YES_AGGRESSIVE;
				CLANG_CXX_LANGUAGE_STANDARD = "gnu++17";
				CLANG_ENABLE_MODULES = YES;
				CLANG_ENABLE_OBJC_ARC = YES;
				CLANG_ENABLE_OBJC_WEAK = YES;
				CLANG_WARN_BLOCK_CAPTURE_AUTORELEASING = YES;
				CLANG_WARN_BOOL_CONVERSION = YES;
				CLANG_WARN_COMMA = YES;
				CLANG_WARN_CONSTANT_CONVERSION = YES;
				CLANG_WARN_DEPRECATED_OBJC_IMPLEMENTATIONS = YES;
				CLANG_WARN_DIRECT_OBJC_ISA_USAGE = YES_ERROR;
				CLANG_WARN_DOCUMENTATION_COMMENTS = YES;
				CLANG_WARN_EMPTY_BODY = YES;
				CLANG_WARN_ENUM_CONVERSION = YES;
				CLANG_WARN_INFINITE_RECURSION = YES;
				CLANG_WARN_INT_CONVERSION = YES;
				CLANG_WARN_NON_LITERAL_NULL_CONVERSION = YES;
				CLANG_WARN_OBJC_IMPLICIT_RETAIN_SELF = YES;
				CLANG_WARN_OBJC_LITERAL_CONVERSION = YES;
				CLANG_WARN_OBJC_ROOT_CLASS = YES_ERROR;
				CLANG_WARN_QUOTED_INCLUDE_IN_FRAMEWORK_HEADER = YES;
				CLANG_WARN_RANGE_LOOP_ANALYSIS = YES;
				CLANG_WARN_STRICT_PROTOTYPES = YES;
				CLANG_WARN_SUSPICIOUS_MOVE = YES;
				CLANG_WARN_UNGUARDED_AVAILABILITY = YES_AGGRESSIVE;
				CLANG_WARN_UNREACHABLE_CODE = YES;
				CLANG_WARN__DUPLICATE_METHOD_MATCH = YES;
				COPY_PHASE_STRIP = NO;
				DEBUG_INFORMATION_FORMAT = "dwarf-with-dsym";
				ENABLE_NS_ASSERTIONS = NO;
				ENABLE_STRICT_OBJC_MSGSEND = YES;
				GCC_C_LANGUAGE_STANDARD = gnu11;
				GCC_NO_COMMON_BLOCKS = YES;
				GCC_WARN_64_TO_32_BIT_CONVERSION = YES;
				GCC_WARN_ABOUT_RETURN_TYPE = YES_ERROR;
				GCC_WARN_UNDECLARED_SELECTOR = YES;
				GCC_WARN_UNINITIALIZED_AUTOS = YES_AGGRESSIVE;
				GCC_WARN_UNUSED_FUNCTION = YES;
				GCC_WARN_UNUSED_VARIABLE = YES;
				IPHONEOS_DEPLOYMENT_TARGET = 16.0;
				MTL_ENABLE_DEBUG_INFO = NO;
				MTL_FAST_MATH = YES;
				SDKROOT = iphoneos;
				SWIFT_COMPILATION_MODE = wholemodule;
				SWIFT_OPTIMIZATION_LEVEL = "-O";
				VALIDATE_PRODUCT = YES;
			};
			name = Release;
		};
		6798F41B28C2F66500F6B0C6 /* Debug */ = {
			isa = XCBuildConfiguration;
			buildSettings = {
				ASSETCATALOG_COMPILER_APPICON_NAME = AppIcon;
				ASSETCATALOG_COMPILER_GLOBAL_ACCENT_COLOR_NAME = AccentColor;
				CODE_SIGN_STYLE = Automatic;
				CURRENT_PROJECT_VERSION = 1;
				DEVELOPMENT_ASSET_PATHS = "\"Vocabulometer-OSS/Preview Content\"";
				DEVELOPMENT_TEAM = UGT958AYQJ;
				ENABLE_PREVIEWS = YES;
				GENERATE_INFOPLIST_FILE = YES;
				INFOPLIST_KEY_UIApplicationSceneManifest_Generation = YES;
				INFOPLIST_KEY_UIApplicationSupportsIndirectInputEvents = YES;
				INFOPLIST_KEY_UILaunchScreen_Generation = YES;
				INFOPLIST_KEY_UISupportedInterfaceOrientations_iPad = "UIInterfaceOrientationPortrait UIInterfaceOrientationPortraitUpsideDown UIInterfaceOrientationLandscapeLeft UIInterfaceOrientationLandscapeRight";
				INFOPLIST_KEY_UISupportedInterfaceOrientations_iPhone = "UIInterfaceOrientationPortrait UIInterfaceOrientationLandscapeLeft UIInterfaceOrientationLandscapeRight";
				LD_RUNPATH_SEARCH_PATHS = (
					"$(inherited)",
					"@executable_path/Frameworks",
				);
				MARKETING_VERSION = 1.0;
				PRODUCT_BUNDLE_IDENTIFIER = "com.imp.Vocabulometer-OSS";
				PRODUCT_NAME = "$(TARGET_NAME)";
				SWIFT_EMIT_LOC_STRINGS = YES;
				SWIFT_VERSION = 5.0;
				TARGETED_DEVICE_FAMILY = "1,2";
			};
			name = Debug;
		};
		6798F41C28C2F66500F6B0C6 /* Release */ = {
			isa = XCBuildConfiguration;
			buildSettings = {
				ASSETCATALOG_COMPILER_APPICON_NAME = AppIcon;
				ASSETCATALOG_COMPILER_GLOBAL_ACCENT_COLOR_NAME = AccentColor;
				CODE_SIGN_STYLE = Automatic;
				CURRENT_PROJECT_VERSION = 1;
				DEVELOPMENT_ASSET_PATHS = "\"Vocabulometer-OSS/Preview Content\"";
				DEVELOPMENT_TEAM = UGT958AYQJ;
				ENABLE_PREVIEWS = YES;
				GENERATE_INFOPLIST_FILE = YES;
				INFOPLIST_KEY_UIApplicationSceneManifest_Generation = YES;
				INFOPLIST_KEY_UIApplicationSupportsIndirectInputEvents = YES;
				INFOPLIST_KEY_UILaunchScreen_Generation = YES;
				INFOPLIST_KEY_UISupportedInterfaceOrientations_iPad = "UIInterfaceOrientationPortrait UIInterfaceOrientationPortraitUpsideDown UIInterfaceOrientationLandscapeLeft UIInterfaceOrientationLandscapeRight";
				INFOPLIST_KEY_UISupportedInterfaceOrientations_iPhone = "UIInterfaceOrientationPortrait UIInterfaceOrientationLandscapeLeft UIInterfaceOrientationLandscapeRight";
				LD_RUNPATH_SEARCH_PATHS = (
					"$(inherited)",
					"@executable_path/Frameworks",
				);
				MARKETING_VERSION = 1.0;
				PRODUCT_BUNDLE_IDENTIFIER = "com.imp.Vocabulometer-OSS";
				PRODUCT_NAME = "$(TARGET_NAME)";
				SWIFT_EMIT_LOC_STRINGS = YES;
				SWIFT_VERSION = 5.0;
				TARGETED_DEVICE_FAMILY = "1,2";
			};
			name = Release;
		};
/* End XCBuildConfiguration section */

/* Begin XCConfigurationList section */
		6798F40728C2F66400F6B0C6 /* Build configuration list for PBXProject "Vocabulometer-OSS" */ = {
			isa = XCConfigurationList;
			buildConfigurations = (
				6798F41828C2F66500F6B0C6 /* Debug */,
				6798F41928C2F66500F6B0C6 /* Release */,
			);
			defaultConfigurationIsVisible = 0;
			defaultConfigurationName = Release;
		};
		6798F41A28C2F66500F6B0C6 /* Build configuration list for PBXNativeTarget "Vocabulometer-OSS" */ = {
			isa = XCConfigurationList;
			buildConfigurations = (
				6798F41B28C2F66500F6B0C6 /* Debug */,
				6798F41C28C2F66500F6B0C6 /* Release */,
			);
			defaultConfigurationIsVisible = 0;
			defaultConfigurationName = Release;
		};
/* End XCConfigurationList section */

/* Begin XCRemoteSwiftPackageReference section */
		6798F41D28C2F8C700F6B0C6 /* XCRemoteSwiftPackageReference "firebase-ios-sdk" */ = {
			isa = XCRemoteSwiftPackageReference;
			repositoryURL = "https://github.com/firebase/firebase-ios-sdk.git";
			requirement = {
				kind = upToNextMajorVersion;
				minimumVersion = 9.0.0;
			};
		};
/* End XCRemoteSwiftPackageReference section */

/* Begin XCSwiftPackageProductDependency section */
		6798F41E28C2F8C700F6B0C6 /* FirebaseAuth */ = {
			isa = XCSwiftPackageProductDependency;
			package = 6798F41D28C2F8C700F6B0C6 /* XCRemoteSwiftPackageReference "firebase-ios-sdk" */;
			productName = FirebaseAuth;
		};
		6798F42028C2F8C700F6B0C6 /* FirebaseFirestore */ = {
			isa = XCSwiftPackageProductDependency;
			package = 6798F41D28C2F8C700F6B0C6 /* XCRemoteSwiftPackageReference "firebase-ios-sdk" */;
			productName = FirebaseFirestore;
		};
		6798F42228C2F8C700F6B0C6 /* FirebaseStorage */ = {
			isa = XCSwiftPackageProductDependency;
			package = 6798F41D28C2F8C700F6B0C6 /* XCRemoteSwiftPackageReference "firebase-ios-sdk" */;
			productName = FirebaseStorage;
		};
/* End XCSwiftPackageProductDependency section */
	};
	rootObject = 6798F40428C2F66400F6B0C6 /* Project object */;
}
