// !$*UTF8*$!
{
	archiveVersion = 1;
	classes = {
	};
	objectVersion = 56;
	objects = {

/* Begin PBXBuildFile section */
		6771BBAC28D388CD00D74F10 /* Home.storyboard in Resources */ = {isa = PBXBuildFile; fileRef = 6771BBAB28D388CD00D74F10 /* Home.storyboard */; };
		6771BBAE28D389B500D74F10 /* Browse.storyboard in Resources */ = {isa = PBXBuildFile; fileRef = 6771BBAD28D389B500D74F10 /* Browse.storyboard */; };
		677E70DC28DF801F003AFBCD /* SDQAViewController.swift in Sources */ = {isa = PBXBuildFile; fileRef = 677E70DB28DF801F003AFBCD /* SDQAViewController.swift */; };
		677E70E228DF853A003AFBCD /* Lemma.json in Resources */ = {isa = PBXBuildFile; fileRef = 677E70DE28DF8539003AFBCD /* Lemma.json */; };
		677E70E328DF853A003AFBCD /* WordFrequency.json in Resources */ = {isa = PBXBuildFile; fileRef = 677E70DF28DF853A003AFBCD /* WordFrequency.json */; };
		677E70E428DF853A003AFBCD /* WordFrequencyKey.json in Resources */ = {isa = PBXBuildFile; fileRef = 677E70E028DF853A003AFBCD /* WordFrequencyKey.json */; };
		677E70E528DF853A003AFBCD /* Namelist.json in Resources */ = {isa = PBXBuildFile; fileRef = 677E70E128DF853A003AFBCD /* Namelist.json */; };
		677E70E728DF89B6003AFBCD /* ContentsManager.swift in Sources */ = {isa = PBXBuildFile; fileRef = 677E70E628DF89B6003AFBCD /* ContentsManager.swift */; };
		677E70E928DF89EB003AFBCD /* OriginalAPIManager.swift in Sources */ = {isa = PBXBuildFile; fileRef = 677E70E828DF89EB003AFBCD /* OriginalAPIManager.swift */; };
		6789A96A28DE46B00042478C /* Setup.storyboard in Resources */ = {isa = PBXBuildFile; fileRef = 6789A96928DE46B00042478C /* Setup.storyboard */; };
		6789A96C28DE477F0042478C /* UserInfoViewController.swift in Sources */ = {isa = PBXBuildFile; fileRef = 6789A96B28DE477F0042478C /* UserInfoViewController.swift */; };
		6789A96E28DE4A4B0042478C /* DatabaseManager.swift in Sources */ = {isa = PBXBuildFile; fileRef = 6789A96D28DE4A4B0042478C /* DatabaseManager.swift */; };
		6789A97428DF050A0042478C /* SDQAManager.swift in Sources */ = {isa = PBXBuildFile; fileRef = 6789A97328DF050A0042478C /* SDQAManager.swift */; };
		6789A97628DF15490042478C /* SanDiegoQuickAsessment.json in Resources */ = {isa = PBXBuildFile; fileRef = 6789A97528DF15490042478C /* SanDiegoQuickAsessment.json */; };
		6789A97828DF1BE40042478C /* WordListGenerator.swift in Sources */ = {isa = PBXBuildFile; fileRef = 6789A97728DF1BE40042478C /* WordListGenerator.swift */; };
		6789A97B28DF1CAA0042478C /* SwiftyJSON in Frameworks */ = {isa = PBXBuildFile; productRef = 6789A97A28DF1CAA0042478C /* SwiftyJSON */; };
		679AB2C328D24E68005E8B94 /* SignInViewController.swift in Sources */ = {isa = PBXBuildFile; fileRef = 679AB2C228D24E68005E8B94 /* SignInViewController.swift */; };
		679AB2C428D24F95005E8B94 /* Authentication.storyboard in Resources */ = {isa = PBXBuildFile; fileRef = 679AB2C628D24F95005E8B94 /* Authentication.storyboard */; };
		679AB2C828D2509F005E8B94 /* GoogleService-Info.plist in Resources */ = {isa = PBXBuildFile; fileRef = 679AB2C728D2509F005E8B94 /* GoogleService-Info.plist */; };
		679AB2CA28D25327005E8B94 /* SignUpViewController.swift in Sources */ = {isa = PBXBuildFile; fileRef = 679AB2C928D25327005E8B94 /* SignUpViewController.swift */; };
		679AB2CC28D27254005E8B94 /* Authentication.swift in Sources */ = {isa = PBXBuildFile; fileRef = 679AB2CB28D27254005E8B94 /* Authentication.swift */; };
		67BD428F28DE366A009975E5 /* UIViewController+Alert.swift in Sources */ = {isa = PBXBuildFile; fileRef = 67BD428E28DE366A009975E5 /* UIViewController+Alert.swift */; };
		67F2386328ECA24F00F5147A /* MainTabBarController.swift in Sources */ = {isa = PBXBuildFile; fileRef = 67F2386228ECA24F00F5147A /* MainTabBarController.swift */; };
		67F2386528ECA2E800F5147A /* HomeViewController.swift in Sources */ = {isa = PBXBuildFile; fileRef = 67F2386428ECA2E800F5147A /* HomeViewController.swift */; };
		67F2386A28ED561400F5147A /* Charts in Frameworks */ = {isa = PBXBuildFile; productRef = 67F2386928ED561400F5147A /* Charts */; };
		67F856D828D1A96E00C66426 /* AppDelegate.swift in Sources */ = {isa = PBXBuildFile; fileRef = 67F856D728D1A96E00C66426 /* AppDelegate.swift */; };
		67F856DA28D1A96E00C66426 /* SceneDelegate.swift in Sources */ = {isa = PBXBuildFile; fileRef = 67F856D928D1A96E00C66426 /* SceneDelegate.swift */; };
		67F856DC28D1A96E00C66426 /* MainViewController.swift in Sources */ = {isa = PBXBuildFile; fileRef = 67F856DB28D1A96E00C66426 /* MainViewController.swift */; };
		67F856DF28D1A96E00C66426 /* Main.storyboard in Resources */ = {isa = PBXBuildFile; fileRef = 67F856DD28D1A96E00C66426 /* Main.storyboard */; };
		67F856E128D1A96F00C66426 /* Assets.xcassets in Resources */ = {isa = PBXBuildFile; fileRef = 67F856E028D1A96F00C66426 /* Assets.xcassets */; };
		67F856E428D1A96F00C66426 /* LaunchScreen.storyboard in Resources */ = {isa = PBXBuildFile; fileRef = 67F856E228D1A96F00C66426 /* LaunchScreen.storyboard */; };
		67F856EC28D1A9F600C66426 /* README.md in Resources */ = {isa = PBXBuildFile; fileRef = 67F856EB28D1A9F600C66426 /* README.md */; };
		67F856EE28D1AA0300C66426 /* LICENSE in Resources */ = {isa = PBXBuildFile; fileRef = 67F856ED28D1AA0300C66426 /* LICENSE */; };
		67F856F128D1AE2700C66426 /* FirebaseAnalytics in Frameworks */ = {isa = PBXBuildFile; productRef = 67F856F028D1AE2700C66426 /* FirebaseAnalytics */; };
		67F856F328D1AE2700C66426 /* FirebaseAuth in Frameworks */ = {isa = PBXBuildFile; productRef = 67F856F228D1AE2700C66426 /* FirebaseAuth */; };
		67F856F528D1AE2700C66426 /* FirebaseFirestore in Frameworks */ = {isa = PBXBuildFile; productRef = 67F856F428D1AE2700C66426 /* FirebaseFirestore */; };
		67F856F728D1AE2700C66426 /* FirebaseStorage in Frameworks */ = {isa = PBXBuildFile; productRef = 67F856F628D1AE2700C66426 /* FirebaseStorage */; };
/* End PBXBuildFile section */

/* Begin PBXFileReference section */
		6771BBAB28D388CD00D74F10 /* Home.storyboard */ = {isa = PBXFileReference; lastKnownFileType = file.storyboard; path = Home.storyboard; sourceTree = "<group>"; };
		6771BBAD28D389B500D74F10 /* Browse.storyboard */ = {isa = PBXFileReference; lastKnownFileType = file.storyboard; path = Browse.storyboard; sourceTree = "<group>"; };
		677E70DB28DF801F003AFBCD /* SDQAViewController.swift */ = {isa = PBXFileReference; lastKnownFileType = sourcecode.swift; path = SDQAViewController.swift; sourceTree = "<group>"; };
		677E70DE28DF8539003AFBCD /* Lemma.json */ = {isa = PBXFileReference; fileEncoding = 4; lastKnownFileType = text.json; path = Lemma.json; sourceTree = "<group>"; };
		677E70DF28DF853A003AFBCD /* WordFrequency.json */ = {isa = PBXFileReference; fileEncoding = 4; lastKnownFileType = text.json; path = WordFrequency.json; sourceTree = "<group>"; };
		677E70E028DF853A003AFBCD /* WordFrequencyKey.json */ = {isa = PBXFileReference; fileEncoding = 4; lastKnownFileType = text.json; path = WordFrequencyKey.json; sourceTree = "<group>"; };
		677E70E128DF853A003AFBCD /* Namelist.json */ = {isa = PBXFileReference; fileEncoding = 4; lastKnownFileType = text.json; path = Namelist.json; sourceTree = "<group>"; };
		677E70E628DF89B6003AFBCD /* ContentsManager.swift */ = {isa = PBXFileReference; lastKnownFileType = sourcecode.swift; path = ContentsManager.swift; sourceTree = "<group>"; };
		677E70E828DF89EB003AFBCD /* OriginalAPIManager.swift */ = {isa = PBXFileReference; lastKnownFileType = sourcecode.swift; path = OriginalAPIManager.swift; sourceTree = "<group>"; };
		6789A96928DE46B00042478C /* Setup.storyboard */ = {isa = PBXFileReference; lastKnownFileType = file.storyboard; path = Setup.storyboard; sourceTree = "<group>"; };
		6789A96B28DE477F0042478C /* UserInfoViewController.swift */ = {isa = PBXFileReference; lastKnownFileType = sourcecode.swift; path = UserInfoViewController.swift; sourceTree = "<group>"; };
		6789A96D28DE4A4B0042478C /* DatabaseManager.swift */ = {isa = PBXFileReference; lastKnownFileType = sourcecode.swift; path = DatabaseManager.swift; sourceTree = "<group>"; };
		6789A97328DF050A0042478C /* SDQAManager.swift */ = {isa = PBXFileReference; lastKnownFileType = sourcecode.swift; path = SDQAManager.swift; sourceTree = "<group>"; };
		6789A97528DF15490042478C /* SanDiegoQuickAsessment.json */ = {isa = PBXFileReference; fileEncoding = 4; lastKnownFileType = text.json; path = SanDiegoQuickAsessment.json; sourceTree = "<group>"; };
		6789A97728DF1BE40042478C /* WordListGenerator.swift */ = {isa = PBXFileReference; lastKnownFileType = sourcecode.swift; path = WordListGenerator.swift; sourceTree = "<group>"; };
		679AB2C228D24E68005E8B94 /* SignInViewController.swift */ = {isa = PBXFileReference; lastKnownFileType = sourcecode.swift; path = SignInViewController.swift; sourceTree = "<group>"; };
		679AB2C528D24F95005E8B94 /* Base */ = {isa = PBXFileReference; lastKnownFileType = file.storyboard; name = Base; path = Base.lproj/Authentication.storyboard; sourceTree = "<group>"; };
		679AB2C728D2509F005E8B94 /* GoogleService-Info.plist */ = {isa = PBXFileReference; fileEncoding = 4; lastKnownFileType = text.plist.xml; path = "GoogleService-Info.plist"; sourceTree = "<group>"; };
		679AB2C928D25327005E8B94 /* SignUpViewController.swift */ = {isa = PBXFileReference; lastKnownFileType = sourcecode.swift; path = SignUpViewController.swift; sourceTree = "<group>"; };
		679AB2CB28D27254005E8B94 /* Authentication.swift */ = {isa = PBXFileReference; lastKnownFileType = sourcecode.swift; path = Authentication.swift; sourceTree = "<group>"; };
		67BD428E28DE366A009975E5 /* UIViewController+Alert.swift */ = {isa = PBXFileReference; lastKnownFileType = sourcecode.swift; path = "UIViewController+Alert.swift"; sourceTree = "<group>"; };
		67F2386228ECA24F00F5147A /* MainTabBarController.swift */ = {isa = PBXFileReference; lastKnownFileType = sourcecode.swift; path = MainTabBarController.swift; sourceTree = "<group>"; };
		67F2386428ECA2E800F5147A /* HomeViewController.swift */ = {isa = PBXFileReference; lastKnownFileType = sourcecode.swift; path = HomeViewController.swift; sourceTree = "<group>"; };
		67F856D428D1A96E00C66426 /* Vocabulometer-OSS.app */ = {isa = PBXFileReference; explicitFileType = wrapper.application; includeInIndex = 0; path = "Vocabulometer-OSS.app"; sourceTree = BUILT_PRODUCTS_DIR; };
		67F856D728D1A96E00C66426 /* AppDelegate.swift */ = {isa = PBXFileReference; lastKnownFileType = sourcecode.swift; path = AppDelegate.swift; sourceTree = "<group>"; };
		67F856D928D1A96E00C66426 /* SceneDelegate.swift */ = {isa = PBXFileReference; lastKnownFileType = sourcecode.swift; path = SceneDelegate.swift; sourceTree = "<group>"; };
		67F856DB28D1A96E00C66426 /* MainViewController.swift */ = {isa = PBXFileReference; lastKnownFileType = sourcecode.swift; path = MainViewController.swift; sourceTree = "<group>"; };
		67F856DE28D1A96E00C66426 /* Base */ = {isa = PBXFileReference; lastKnownFileType = file.storyboard; name = Base; path = Base.lproj/Main.storyboard; sourceTree = "<group>"; };
		67F856E028D1A96F00C66426 /* Assets.xcassets */ = {isa = PBXFileReference; lastKnownFileType = folder.assetcatalog; path = Assets.xcassets; sourceTree = "<group>"; };
		67F856E328D1A96F00C66426 /* Base */ = {isa = PBXFileReference; lastKnownFileType = file.storyboard; name = Base; path = Base.lproj/LaunchScreen.storyboard; sourceTree = "<group>"; };
		67F856E528D1A96F00C66426 /* Info.plist */ = {isa = PBXFileReference; lastKnownFileType = text.plist.xml; path = Info.plist; sourceTree = "<group>"; };
		67F856EB28D1A9F600C66426 /* README.md */ = {isa = PBXFileReference; fileEncoding = 4; lastKnownFileType = net.daringfireball.markdown; path = README.md; sourceTree = "<group>"; };
		67F856ED28D1AA0300C66426 /* LICENSE */ = {isa = PBXFileReference; fileEncoding = 4; lastKnownFileType = text; path = LICENSE; sourceTree = "<group>"; };
/* End PBXFileReference section */

/* Begin PBXFrameworksBuildPhase section */
		67F856D128D1A96E00C66426 /* Frameworks */ = {
			isa = PBXFrameworksBuildPhase;
			buildActionMask = 2147483647;
			files = (
				67F856F128D1AE2700C66426 /* FirebaseAnalytics in Frameworks */,
				67F2386A28ED561400F5147A /* Charts in Frameworks */,
				67F856F728D1AE2700C66426 /* FirebaseStorage in Frameworks */,
				67F856F328D1AE2700C66426 /* FirebaseAuth in Frameworks */,
				6789A97B28DF1CAA0042478C /* SwiftyJSON in Frameworks */,
				67F856F528D1AE2700C66426 /* FirebaseFirestore in Frameworks */,
			);
			runOnlyForDeploymentPostprocessing = 0;
		};
/* End PBXFrameworksBuildPhase section */

/* Begin PBXGroup section */
		67F856CB28D1A96E00C66426 = {
			isa = PBXGroup;
			children = (
				67F856ED28D1AA0300C66426 /* LICENSE */,
				67F856EB28D1A9F600C66426 /* README.md */,
				67F856D628D1A96E00C66426 /* Vocabulometer-OSS */,
				67F856D528D1A96E00C66426 /* Products */,
			);
			sourceTree = "<group>";
		};
		67F856D528D1A96E00C66426 /* Products */ = {
			isa = PBXGroup;
			children = (
				67F856D428D1A96E00C66426 /* Vocabulometer-OSS.app */,
			);
			name = Products;
			sourceTree = "<group>";
		};
		67F856D628D1A96E00C66426 /* Vocabulometer-OSS */ = {
			isa = PBXGroup;
			children = (
				67F856D728D1A96E00C66426 /* AppDelegate.swift */,
				67F856D928D1A96E00C66426 /* SceneDelegate.swift */,
				67BD428E28DE366A009975E5 /* UIViewController+Alert.swift */,
				679AB2CB28D27254005E8B94 /* Authentication.swift */,
				6789A96D28DE4A4B0042478C /* DatabaseManager.swift */,
				6789A97328DF050A0042478C /* SDQAManager.swift */,
				6789A97728DF1BE40042478C /* WordListGenerator.swift */,
				677E70E628DF89B6003AFBCD /* ContentsManager.swift */,
				677E70E828DF89EB003AFBCD /* OriginalAPIManager.swift */,
				679AB2C628D24F95005E8B94 /* Authentication.storyboard */,
				6789A96928DE46B00042478C /* Setup.storyboard */,
				67F856DD28D1A96E00C66426 /* Main.storyboard */,
				67F2386228ECA24F00F5147A /* MainTabBarController.swift */,
				6771BBAB28D388CD00D74F10 /* Home.storyboard */,
				67F2386428ECA2E800F5147A /* HomeViewController.swift */,
				6771BBAD28D389B500D74F10 /* Browse.storyboard */,
				67F856DB28D1A96E00C66426 /* MainViewController.swift */,
				679AB2C228D24E68005E8B94 /* SignInViewController.swift */,
				677E70DB28DF801F003AFBCD /* SDQAViewController.swift */,
				679AB2C928D25327005E8B94 /* SignUpViewController.swift */,
				6789A96B28DE477F0042478C /* UserInfoViewController.swift */,
				6789A97528DF15490042478C /* SanDiegoQuickAsessment.json */,
				677E70DE28DF8539003AFBCD /* Lemma.json */,
				677E70E128DF853A003AFBCD /* Namelist.json */,
				677E70DF28DF853A003AFBCD /* WordFrequency.json */,
				677E70E028DF853A003AFBCD /* WordFrequencyKey.json */,
				67F856E028D1A96F00C66426 /* Assets.xcassets */,
				67F856E228D1A96F00C66426 /* LaunchScreen.storyboard */,
				67F856E528D1A96F00C66426 /* Info.plist */,
				679AB2C728D2509F005E8B94 /* GoogleService-Info.plist */,
			);
			path = "Vocabulometer-OSS";
			sourceTree = "<group>";
		};
/* End PBXGroup section */

/* Begin PBXNativeTarget section */
		67F856D328D1A96E00C66426 /* Vocabulometer-OSS */ = {
			isa = PBXNativeTarget;
			buildConfigurationList = 67F856E828D1A96F00C66426 /* Build configuration list for PBXNativeTarget "Vocabulometer-OSS" */;
			buildPhases = (
				67F856D028D1A96E00C66426 /* Sources */,
				67F856D128D1A96E00C66426 /* Frameworks */,
				67F856D228D1A96E00C66426 /* Resources */,
			);
			buildRules = (
			);
			dependencies = (
			);
			name = "Vocabulometer-OSS";
			packageProductDependencies = (
				67F856F028D1AE2700C66426 /* FirebaseAnalytics */,
				67F856F228D1AE2700C66426 /* FirebaseAuth */,
				67F856F428D1AE2700C66426 /* FirebaseFirestore */,
				67F856F628D1AE2700C66426 /* FirebaseStorage */,
				6789A97A28DF1CAA0042478C /* SwiftyJSON */,
				67F2386928ED561400F5147A /* Charts */,
			);
			productName = "Vocabulometer-OSS";
			productReference = 67F856D428D1A96E00C66426 /* Vocabulometer-OSS.app */;
			productType = "com.apple.product-type.application";
		};
/* End PBXNativeTarget section */

/* Begin PBXProject section */
		67F856CC28D1A96E00C66426 /* Project object */ = {
			isa = PBXProject;
			attributes = {
				BuildIndependentTargetsInParallel = 1;
				LastSwiftUpdateCheck = 1400;
				LastUpgradeCheck = 1400;
				TargetAttributes = {
					67F856D328D1A96E00C66426 = {
						CreatedOnToolsVersion = 14.0;
					};
				};
			};
			buildConfigurationList = 67F856CF28D1A96E00C66426 /* Build configuration list for PBXProject "Vocabulometer-OSS" */;
			compatibilityVersion = "Xcode 14.0";
			developmentRegion = en;
			hasScannedForEncodings = 0;
			knownRegions = (
				en,
				Base,
			);
			mainGroup = 67F856CB28D1A96E00C66426;
			packageReferences = (
				67F856EF28D1AE2700C66426 /* XCRemoteSwiftPackageReference "firebase-ios-sdk" */,
				6789A97928DF1CAA0042478C /* XCRemoteSwiftPackageReference "SwiftyJSON" */,
				67F2386828ED561400F5147A /* XCRemoteSwiftPackageReference "Charts" */,
			);
			productRefGroup = 67F856D528D1A96E00C66426 /* Products */;
			projectDirPath = "";
			projectRoot = "";
			targets = (
				67F856D328D1A96E00C66426 /* Vocabulometer-OSS */,
			);
		};
/* End PBXProject section */

/* Begin PBXResourcesBuildPhase section */
		67F856D228D1A96E00C66426 /* Resources */ = {
			isa = PBXResourcesBuildPhase;
			buildActionMask = 2147483647;
			files = (
				6789A96A28DE46B00042478C /* Setup.storyboard in Resources */,
				6771BBAE28D389B500D74F10 /* Browse.storyboard in Resources */,
				677E70E528DF853A003AFBCD /* Namelist.json in Resources */,
				679AB2C428D24F95005E8B94 /* Authentication.storyboard in Resources */,
				677E70E328DF853A003AFBCD /* WordFrequency.json in Resources */,
				67F856E428D1A96F00C66426 /* LaunchScreen.storyboard in Resources */,
				67F856E128D1A96F00C66426 /* Assets.xcassets in Resources */,
				6789A97628DF15490042478C /* SanDiegoQuickAsessment.json in Resources */,
				677E70E228DF853A003AFBCD /* Lemma.json in Resources */,
				67F856EC28D1A9F600C66426 /* README.md in Resources */,
				67F856DF28D1A96E00C66426 /* Main.storyboard in Resources */,
				679AB2C828D2509F005E8B94 /* GoogleService-Info.plist in Resources */,
				67F856EE28D1AA0300C66426 /* LICENSE in Resources */,
				677E70E428DF853A003AFBCD /* WordFrequencyKey.json in Resources */,
				6771BBAC28D388CD00D74F10 /* Home.storyboard in Resources */,
			);
			runOnlyForDeploymentPostprocessing = 0;
		};
/* End PBXResourcesBuildPhase section */

/* Begin PBXSourcesBuildPhase section */
		67F856D028D1A96E00C66426 /* Sources */ = {
			isa = PBXSourcesBuildPhase;
			buildActionMask = 2147483647;
			files = (
				679AB2CC28D27254005E8B94 /* Authentication.swift in Sources */,
				6789A96C28DE477F0042478C /* UserInfoViewController.swift in Sources */,
				67F2386328ECA24F00F5147A /* MainTabBarController.swift in Sources */,
				679AB2C328D24E68005E8B94 /* SignInViewController.swift in Sources */,
				67F856DC28D1A96E00C66426 /* MainViewController.swift in Sources */,
				6789A97428DF050A0042478C /* SDQAManager.swift in Sources */,
				6789A97828DF1BE40042478C /* WordListGenerator.swift in Sources */,
				677E70DC28DF801F003AFBCD /* SDQAViewController.swift in Sources */,
				679AB2CA28D25327005E8B94 /* SignUpViewController.swift in Sources */,
				67F856D828D1A96E00C66426 /* AppDelegate.swift in Sources */,
				6789A96E28DE4A4B0042478C /* DatabaseManager.swift in Sources */,
				67F2386528ECA2E800F5147A /* HomeViewController.swift in Sources */,
				67F856DA28D1A96E00C66426 /* SceneDelegate.swift in Sources */,
				67BD428F28DE366A009975E5 /* UIViewController+Alert.swift in Sources */,
				677E70E728DF89B6003AFBCD /* ContentsManager.swift in Sources */,
				677E70E928DF89EB003AFBCD /* OriginalAPIManager.swift in Sources */,
			);
			runOnlyForDeploymentPostprocessing = 0;
		};
/* End PBXSourcesBuildPhase section */

/* Begin PBXVariantGroup section */
		679AB2C628D24F95005E8B94 /* Authentication.storyboard */ = {
			isa = PBXVariantGroup;
			children = (
				679AB2C528D24F95005E8B94 /* Base */,
			);
			name = Authentication.storyboard;
			sourceTree = "<group>";
		};
		67F856DD28D1A96E00C66426 /* Main.storyboard */ = {
			isa = PBXVariantGroup;
			children = (
				67F856DE28D1A96E00C66426 /* Base */,
			);
			name = Main.storyboard;
			sourceTree = "<group>";
		};
		67F856E228D1A96F00C66426 /* LaunchScreen.storyboard */ = {
			isa = PBXVariantGroup;
			children = (
				67F856E328D1A96F00C66426 /* Base */,
			);
			name = LaunchScreen.storyboard;
			sourceTree = "<group>";
		};
/* End PBXVariantGroup section */

/* Begin XCBuildConfiguration section */
		67F856E628D1A96F00C66426 /* Debug */ = {
			isa = XCBuildConfiguration;
			buildSettings = {
				ALWAYS_SEARCH_USER_PATHS = NO;
				CLANG_ANALYZER_NONNULL = YES;
				CLANG_ANALYZER_NUMBER_OBJECT_CONVERSION = YES_AGGRESSIVE;
				CLANG_CXX_LANGUAGE_STANDARD = "gnu++20";
				CLANG_ENABLE_MODULES = YES;
				CLANG_ENABLE_OBJC_ARC = YES;
				CLANG_ENABLE_OBJC_WEAK = YES;
				CLANG_WARN_BLOCK_CAPTURE_AUTORELEASING = YES;
				CLANG_WARN_BOOL_CONVERSION = YES;
				CLANG_WARN_COMMA = YES;
				CLANG_WARN_CONSTANT_CONVERSION = YES;
				CLANG_WARN_DEPRECATED_OBJC_IMPLEMENTATIONS = YES;
				CLANG_WARN_DIRECT_OBJC_ISA_USAGE = YES_ERROR;
				CLANG_WARN_DOCUMENTATION_COMMENTS = YES;
				CLANG_WARN_EMPTY_BODY = YES;
				CLANG_WARN_ENUM_CONVERSION = YES;
				CLANG_WARN_INFINITE_RECURSION = YES;
				CLANG_WARN_INT_CONVERSION = YES;
				CLANG_WARN_NON_LITERAL_NULL_CONVERSION = YES;
				CLANG_WARN_OBJC_IMPLICIT_RETAIN_SELF = YES;
				CLANG_WARN_OBJC_LITERAL_CONVERSION = YES;
				CLANG_WARN_OBJC_ROOT_CLASS = YES_ERROR;
				CLANG_WARN_QUOTED_INCLUDE_IN_FRAMEWORK_HEADER = YES;
				CLANG_WARN_RANGE_LOOP_ANALYSIS = YES;
				CLANG_WARN_STRICT_PROTOTYPES = YES;
				CLANG_WARN_SUSPICIOUS_MOVE = YES;
				CLANG_WARN_UNGUARDED_AVAILABILITY = YES_AGGRESSIVE;
				CLANG_WARN_UNREACHABLE_CODE = YES;
				CLANG_WARN__DUPLICATE_METHOD_MATCH = YES;
				COPY_PHASE_STRIP = NO;
				DEBUG_INFORMATION_FORMAT = dwarf;
				ENABLE_STRICT_OBJC_MSGSEND = YES;
				ENABLE_TESTABILITY = YES;
				GCC_C_LANGUAGE_STANDARD = gnu11;
				GCC_DYNAMIC_NO_PIC = NO;
				GCC_NO_COMMON_BLOCKS = YES;
				GCC_OPTIMIZATION_LEVEL = 0;
				GCC_PREPROCESSOR_DEFINITIONS = (
					"DEBUG=1",
					"$(inherited)",
				);
				GCC_WARN_64_TO_32_BIT_CONVERSION = YES;
				GCC_WARN_ABOUT_RETURN_TYPE = YES_ERROR;
				GCC_WARN_UNDECLARED_SELECTOR = YES;
				GCC_WARN_UNINITIALIZED_AUTOS = YES_AGGRESSIVE;
				GCC_WARN_UNUSED_FUNCTION = YES;
				GCC_WARN_UNUSED_VARIABLE = YES;
				IPHONEOS_DEPLOYMENT_TARGET = 16.0;
				MTL_ENABLE_DEBUG_INFO = INCLUDE_SOURCE;
				MTL_FAST_MATH = YES;
				ONLY_ACTIVE_ARCH = YES;
				SDKROOT = iphoneos;
				SWIFT_ACTIVE_COMPILATION_CONDITIONS = DEBUG;
				SWIFT_OPTIMIZATION_LEVEL = "-Onone";
			};
			name = Debug;
		};
		67F856E728D1A96F00C66426 /* Release */ = {
			isa = XCBuildConfiguration;
			buildSettings = {
				ALWAYS_SEARCH_USER_PATHS = NO;
				CLANG_ANALYZER_NONNULL = YES;
				CLANG_ANALYZER_NUMBER_OBJECT_CONVERSION = YES_AGGRESSIVE;
				CLANG_CXX_LANGUAGE_STANDARD = "gnu++20";
				CLANG_ENABLE_MODULES = YES;
				CLANG_ENABLE_OBJC_ARC = YES;
				CLANG_ENABLE_OBJC_WEAK = YES;
				CLANG_WARN_BLOCK_CAPTURE_AUTORELEASING = YES;
				CLANG_WARN_BOOL_CONVERSION = YES;
				CLANG_WARN_COMMA = YES;
				CLANG_WARN_CONSTANT_CONVERSION = YES;
				CLANG_WARN_DEPRECATED_OBJC_IMPLEMENTATIONS = YES;
				CLANG_WARN_DIRECT_OBJC_ISA_USAGE = YES_ERROR;
				CLANG_WARN_DOCUMENTATION_COMMENTS = YES;
				CLANG_WARN_EMPTY_BODY = YES;
				CLANG_WARN_ENUM_CONVERSION = YES;
				CLANG_WARN_INFINITE_RECURSION = YES;
				CLANG_WARN_INT_CONVERSION = YES;
				CLANG_WARN_NON_LITERAL_NULL_CONVERSION = YES;
				CLANG_WARN_OBJC_IMPLICIT_RETAIN_SELF = YES;
				CLANG_WARN_OBJC_LITERAL_CONVERSION = YES;
				CLANG_WARN_OBJC_ROOT_CLASS = YES_ERROR;
				CLANG_WARN_QUOTED_INCLUDE_IN_FRAMEWORK_HEADER = YES;
				CLANG_WARN_RANGE_LOOP_ANALYSIS = YES;
				CLANG_WARN_STRICT_PROTOTYPES = YES;
				CLANG_WARN_SUSPICIOUS_MOVE = YES;
				CLANG_WARN_UNGUARDED_AVAILABILITY = YES_AGGRESSIVE;
				CLANG_WARN_UNREACHABLE_CODE = YES;
				CLANG_WARN__DUPLICATE_METHOD_MATCH = YES;
				COPY_PHASE_STRIP = NO;
				DEBUG_INFORMATION_FORMAT = "dwarf-with-dsym";
				ENABLE_NS_ASSERTIONS = NO;
				ENABLE_STRICT_OBJC_MSGSEND = YES;
				GCC_C_LANGUAGE_STANDARD = gnu11;
				GCC_NO_COMMON_BLOCKS = YES;
				GCC_WARN_64_TO_32_BIT_CONVERSION = YES;
				GCC_WARN_ABOUT_RETURN_TYPE = YES_ERROR;
				GCC_WARN_UNDECLARED_SELECTOR = YES;
				GCC_WARN_UNINITIALIZED_AUTOS = YES_AGGRESSIVE;
				GCC_WARN_UNUSED_FUNCTION = YES;
				GCC_WARN_UNUSED_VARIABLE = YES;
				IPHONEOS_DEPLOYMENT_TARGET = 16.0;
				MTL_ENABLE_DEBUG_INFO = NO;
				MTL_FAST_MATH = YES;
				SDKROOT = iphoneos;
				SWIFT_COMPILATION_MODE = wholemodule;
				SWIFT_OPTIMIZATION_LEVEL = "-O";
				VALIDATE_PRODUCT = YES;
			};
			name = Release;
		};
		67F856E928D1A96F00C66426 /* Debug */ = {
			isa = XCBuildConfiguration;
			buildSettings = {
				ASSETCATALOG_COMPILER_APPICON_NAME = AppIcon;
				ASSETCATALOG_COMPILER_GLOBAL_ACCENT_COLOR_NAME = AccentColor;
				CODE_SIGN_IDENTITY = "Apple Development";
				CODE_SIGN_STYLE = Automatic;
				CURRENT_PROJECT_VERSION = 1;
				DEVELOPMENT_TEAM = UGT958AYQJ;
				GENERATE_INFOPLIST_FILE = YES;
				INFOPLIST_FILE = "Vocabulometer-OSS/Info.plist";
				INFOPLIST_KEY_UIApplicationSupportsIndirectInputEvents = YES;
				INFOPLIST_KEY_UILaunchStoryboardName = LaunchScreen;
				INFOPLIST_KEY_UIMainStoryboardFile = Main;
				INFOPLIST_KEY_UISupportedInterfaceOrientations_iPad = "UIInterfaceOrientationPortrait UIInterfaceOrientationPortraitUpsideDown UIInterfaceOrientationLandscapeLeft UIInterfaceOrientationLandscapeRight";
				INFOPLIST_KEY_UISupportedInterfaceOrientations_iPhone = "UIInterfaceOrientationPortrait UIInterfaceOrientationLandscapeLeft UIInterfaceOrientationLandscapeRight";
				LD_RUNPATH_SEARCH_PATHS = (
					"$(inherited)",
					"@executable_path/Frameworks",
				);
				MARKETING_VERSION = 1.0;
				PRODUCT_BUNDLE_IDENTIFIER = "com.imp.Vocabulometer-OSS";
				PRODUCT_NAME = "$(TARGET_NAME)";
				PROVISIONING_PROFILE_SPECIFIER = "";
				SWIFT_EMIT_LOC_STRINGS = YES;
				SWIFT_VERSION = 5.0;
				TARGETED_DEVICE_FAMILY = "1,2";
			};
			name = Debug;
		};
		67F856EA28D1A96F00C66426 /* Release */ = {
			isa = XCBuildConfiguration;
			buildSettings = {
				ASSETCATALOG_COMPILER_APPICON_NAME = AppIcon;
				ASSETCATALOG_COMPILER_GLOBAL_ACCENT_COLOR_NAME = AccentColor;
				CODE_SIGN_IDENTITY = "Apple Development";
				CODE_SIGN_STYLE = Automatic;
				CURRENT_PROJECT_VERSION = 1;
				DEVELOPMENT_TEAM = UGT958AYQJ;
				GENERATE_INFOPLIST_FILE = YES;
				INFOPLIST_FILE = "Vocabulometer-OSS/Info.plist";
				INFOPLIST_KEY_UIApplicationSupportsIndirectInputEvents = YES;
				INFOPLIST_KEY_UILaunchStoryboardName = LaunchScreen;
				INFOPLIST_KEY_UIMainStoryboardFile = Main;
				INFOPLIST_KEY_UISupportedInterfaceOrientations_iPad = "UIInterfaceOrientationPortrait UIInterfaceOrientationPortraitUpsideDown UIInterfaceOrientationLandscapeLeft UIInterfaceOrientationLandscapeRight";
				INFOPLIST_KEY_UISupportedInterfaceOrientations_iPhone = "UIInterfaceOrientationPortrait UIInterfaceOrientationLandscapeLeft UIInterfaceOrientationLandscapeRight";
				LD_RUNPATH_SEARCH_PATHS = (
					"$(inherited)",
					"@executable_path/Frameworks",
				);
				MARKETING_VERSION = 1.0;
				PRODUCT_BUNDLE_IDENTIFIER = "com.imp.Vocabulometer-OSS";
				PRODUCT_NAME = "$(TARGET_NAME)";
				PROVISIONING_PROFILE_SPECIFIER = "";
				SWIFT_EMIT_LOC_STRINGS = YES;
				SWIFT_VERSION = 5.0;
				TARGETED_DEVICE_FAMILY = "1,2";
			};
			name = Release;
		};
/* End XCBuildConfiguration section */

/* Begin XCConfigurationList section */
		67F856CF28D1A96E00C66426 /* Build configuration list for PBXProject "Vocabulometer-OSS" */ = {
			isa = XCConfigurationList;
			buildConfigurations = (
				67F856E628D1A96F00C66426 /* Debug */,
				67F856E728D1A96F00C66426 /* Release */,
			);
			defaultConfigurationIsVisible = 0;
			defaultConfigurationName = Release;
		};
		67F856E828D1A96F00C66426 /* Build configuration list for PBXNativeTarget "Vocabulometer-OSS" */ = {
			isa = XCConfigurationList;
			buildConfigurations = (
				67F856E928D1A96F00C66426 /* Debug */,
				67F856EA28D1A96F00C66426 /* Release */,
			);
			defaultConfigurationIsVisible = 0;
			defaultConfigurationName = Release;
		};
/* End XCConfigurationList section */

/* Begin XCRemoteSwiftPackageReference section */
		6789A97928DF1CAA0042478C /* XCRemoteSwiftPackageReference "SwiftyJSON" */ = {
			isa = XCRemoteSwiftPackageReference;
			repositoryURL = "https://github.com/SwiftyJSON/SwiftyJSON";
			requirement = {
				kind = upToNextMajorVersion;
				minimumVersion = 5.0.0;
			};
		};
		67F2386828ED561400F5147A /* XCRemoteSwiftPackageReference "Charts" */ = {
			isa = XCRemoteSwiftPackageReference;
			repositoryURL = "https://github.com/danielgindi/Charts.git";
			requirement = {
				kind = exactVersion;
				version = 4.1.0;
			};
		};
		67F856EF28D1AE2700C66426 /* XCRemoteSwiftPackageReference "firebase-ios-sdk" */ = {
			isa = XCRemoteSwiftPackageReference;
			repositoryURL = "https://github.com/firebase/firebase-ios-sdk.git";
			requirement = {
				branch = master;
				kind = branch;
			};
		};
/* End XCRemoteSwiftPackageReference section */

/* Begin XCSwiftPackageProductDependency section */
		6789A97A28DF1CAA0042478C /* SwiftyJSON */ = {
			isa = XCSwiftPackageProductDependency;
			package = 6789A97928DF1CAA0042478C /* XCRemoteSwiftPackageReference "SwiftyJSON" */;
			productName = SwiftyJSON;
		};
		67F2386928ED561400F5147A /* Charts */ = {
			isa = XCSwiftPackageProductDependency;
			package = 67F2386828ED561400F5147A /* XCRemoteSwiftPackageReference "Charts" */;
			productName = Charts;
		};
		67F856F028D1AE2700C66426 /* FirebaseAnalytics */ = {
			isa = XCSwiftPackageProductDependency;
			package = 67F856EF28D1AE2700C66426 /* XCRemoteSwiftPackageReference "firebase-ios-sdk" */;
			productName = FirebaseAnalytics;
		};
		67F856F228D1AE2700C66426 /* FirebaseAuth */ = {
			isa = XCSwiftPackageProductDependency;
			package = 67F856EF28D1AE2700C66426 /* XCRemoteSwiftPackageReference "firebase-ios-sdk" */;
			productName = FirebaseAuth;
		};
		67F856F428D1AE2700C66426 /* FirebaseFirestore */ = {
			isa = XCSwiftPackageProductDependency;
			package = 67F856EF28D1AE2700C66426 /* XCRemoteSwiftPackageReference "firebase-ios-sdk" */;
			productName = FirebaseFirestore;
		};
		67F856F628D1AE2700C66426 /* FirebaseStorage */ = {
			isa = XCSwiftPackageProductDependency;
			package = 67F856EF28D1AE2700C66426 /* XCRemoteSwiftPackageReference "firebase-ios-sdk" */;
			productName = FirebaseStorage;
		};
/* End XCSwiftPackageProductDependency section */
	};
	rootObject = 67F856CC28D1A96E00C66426 /* Project object */;
}
